// !$*UTF8*$!
{
	archiveVersion = 1;
	classes = {
	};
	objectVersion = 46;
	objects = {

/* Begin PBXBuildFile section */
		0A6719381BD71FEE003827DF /* main.m in Sources */ = {isa = PBXBuildFile; fileRef = 0A6719371BD71FEE003827DF /* main.m */; };
		0A6719401BD7235F003827DF /* TimeTEst.m in Sources */ = {isa = PBXBuildFile; fileRef = 0A67193F1BD7235F003827DF /* TimeTEst.m */; };
/* End PBXBuildFile section */

/* Begin PBXCopyFilesBuildPhase section */
		0A6719321BD71FEE003827DF /* CopyFiles */ = {
			isa = PBXCopyFilesBuildPhase;
			buildActionMask = 2147483647;
			dstPath = /usr/share/man/man1/;
			dstSubfolderSpec = 0;
			files = (
			);
			runOnlyForDeploymentPostprocessing = 1;
		};
/* End PBXCopyFilesBuildPhase section */

/* Begin PBXFileReference section */
		0A6719341BD71FEE003827DF /* 时间间隔的显示提示 */ = {isa = PBXFileReference; explicitFileType = "compiled.mach-o.executable"; includeInIndex = 0; path = "时间间隔的显示提示"; sourceTree = BUILT_PRODUCTS_DIR; };
		0A6719371BD71FEE003827DF /* main.m */ = {isa = PBXFileReference; lastKnownFileType = sourcecode.c.objc; path = main.m; sourceTree = "<group>"; };
		0A67193E1BD7235F003827DF /* TimeTEst.h */ = {isa = PBXFileReference; fileEncoding = 4; lastKnownFileType = sourcecode.c.h; path = TimeTEst.h; sourceTree = "<group>"; };
		0A67193F1BD7235F003827DF /* TimeTEst.m */ = {isa = PBXFileReference; fileEncoding = 4; lastKnownFileType = sourcecode.c.objc; path = TimeTEst.m; sourceTree = "<group>"; };
/* End PBXFileReference section */

/* Begin PBXFrameworksBuildPhase section */
		0A6719311BD71FEE003827DF /* Frameworks */ = {
			isa = PBXFrameworksBuildPhase;
			buildActionMask = 2147483647;
			files = (
			);
			runOnlyForDeploymentPostprocessing = 0;
		};
/* End PBXFrameworksBuildPhase section */

/* Begin PBXGroup section */
		0A67192B1BD71FEE003827DF = {
			isa = PBXGroup;
			children = (
				0A6719361BD71FEE003827DF /* 时间间隔的显示提示 */,
				0A6719351BD71FEE003827DF /* Products */,
			);
			sourceTree = "<group>";
		};
		0A6719351BD71FEE003827DF /* Products */ = {
			isa = PBXGroup;
			children = (
				0A6719341BD71FEE003827DF /* 时间间隔的显示提示 */,
			);
			name = Products;
			sourceTree = "<group>";
		};
		0A6719361BD71FEE003827DF /* 时间间隔的显示提示 */ = {
			isa = PBXGroup;
			children = (
				0A6719371BD71FEE003827DF /* main.m */,
				0A67193E1BD7235F003827DF /* TimeTEst.h */,
				0A67193F1BD7235F003827DF /* TimeTEst.m */,
			);
			path = "时间间隔的显示提示";
			sourceTree = "<group>";
		};
/* End PBXGroup section */

/* Begin PBXNativeTarget section */
		0A6719331BD71FEE003827DF /* 时间间隔的显示提示 */ = {
			isa = PBXNativeTarget;
			buildConfigurationList = 0A67193B1BD71FEE003827DF /* Build configuration list for PBXNativeTarget "时间间隔的显示提示" */;
			buildPhases = (
				0A6719301BD71FEE003827DF /* Sources */,
				0A6719311BD71FEE003827DF /* Frameworks */,
				0A6719321BD71FEE003827DF /* CopyFiles */,
			);
			buildRules = (
			);
			dependencies = (
			);
			name = "时间间隔的显示提示";
			productName = "时间间隔的显示提示";
			productReference = 0A6719341BD71FEE003827DF /* 时间间隔的显示提示 */;
			productType = "com.apple.product-type.tool";
		};
/* End PBXNativeTarget section */

/* Begin PBXProject section */
		0A67192C1BD71FEE003827DF /* Project object */ = {
			isa = PBXProject;
			attributes = {
				LastUpgradeCheck = 0640;
				ORGANIZATIONNAME = HustBroventure;
				TargetAttributes = {
					0A6719331BD71FEE003827DF = {
						CreatedOnToolsVersion = 6.4;
					};
				};
			};
			buildConfigurationList = 0A67192F1BD71FEE003827DF /* Build configuration list for PBXProject "时间间隔的显示提示" */;
			compatibilityVersion = "Xcode 3.2";
			developmentRegion = English;
			hasScannedForEncodings = 0;
			knownRegions = (
				en,
			);
			mainGroup = 0A67192B1BD71FEE003827DF;
			productRefGroup = 0A6719351BD71FEE003827DF /* Products */;
			projectDirPath = "";
			projectRoot = "";
			targets = (
				0A6719331BD71FEE003827DF /* 时间间隔的显示提示 */,
			);
		};
/* End PBXProject section */

/* Begin PBXSourcesBuildPhase section */
		0A6719301BD71FEE003827DF /* Sources */ = {
			isa = PBXSourcesBuildPhase;
			buildActionMask = 2147483647;
			files = (
				0A6719401BD7235F003827DF /* TimeTEst.m in Sources */,
				0A6719381BD71FEE003827DF /* main.m in Sources */,
			);
			runOnlyForDeploymentPostprocessing = 0;
		};
/* End PBXSourcesBuildPhase section */

/* Begin XCBuildConfiguration section */
		0A6719391BD71FEE003827DF /* Debug */ = {
			isa = XCBuildConfiguration;
			buildSettings = {
				ALWAYS_SEARCH_USER_PATHS = NO;
				CLANG_CXX_LANGUAGE_STANDARD = "gnu++0x";
				CLANG_CXX_LIBRARY = "libc++";
				CLANG_ENABLE_MODULES = YES;
				CLANG_ENABLE_OBJC_ARC = YES;
				CLANG_WARN_BOOL_CONVERSION = YES;
				CLANG_WARN_CONSTANT_CONVERSION = YES;
				CLANG_WARN_DIRECT_OBJC_ISA_USAGE = YES_ERROR;
				CLANG_WARN_EMPTY_BODY = YES;
				CLANG_WARN_ENUM_CONVERSION = YES;
				CLANG_WARN_INT_CONVERSION = YES;
				CLANG_WARN_OBJC_ROOT_CLASS = YES_ERROR;
				CLANG_WARN_UNREACHABLE_CODE = YES;
				CLANG_WARN__DUPLICATE_METHOD_MATCH = YES;
				COPY_PHASE_STRIP = NO;
				DEBUG_INFORMATION_FORMAT = dwarf;
				ENABLE_STRICT_OBJC_MSGSEND = YES;
				GCC_C_LANGUAGE_STANDARD = gnu99;
				GCC_DYNAMIC_NO_PIC = NO;
				GCC_NO_COMMON_BLOCKS = YES;
				GCC_OPTIMIZATION_LEVEL = 0;
				GCC_PREPROCESSOR_DEFINITIONS = (
					"DEBUG=1",
					"$(inherited)",
				);
				GCC_SYMBOLS_PRIVATE_EXTERN = NO;
				GCC_WARN_64_TO_32_BIT_CONVERSION = YES;
				GCC_WARN_ABOUT_RETURN_TYPE = YES_ERROR;
				GCC_WARN_UNDECLARED_SELECTOR = YES;
				GCC_WARN_UNINITIALIZED_AUTOS = YES_AGGRESSIVE;
				GCC_WARN_UNUSED_FUNCTION = YES;
				GCC_WARN_UNUSED_VARIABLE = YES;
				MACOSX_DEPLOYMENT_TARGET = 10.10;
				MTL_ENABLE_DEBUG_INFO = YES;
				ONLY_ACTIVE_ARCH = YES;
				SDKROOT = macosx;
			};
			name = Debug;
		};
		0A67193A1BD71FEE003827DF /* Release */ = {
			isa = XCBuildConfiguration;
			buildSettings = {
				ALWAYS_SEARCH_USER_PATHS = NO;
				CLANG_CXX_LANGUAGE_STANDARD = "gnu++0x";
				CLANG_CXX_LIBRARY = "libc++";
				CLANG_ENABLE_MODULES = YES;
				CLANG_ENABLE_OBJC_ARC = YES;
				CLANG_WARN_BOOL_CONVERSION = YES;
				CLANG_WARN_CONSTANT_CONVERSION = YES;
				CLANG_WARN_DIRECT_OBJC_ISA_USAGE = YES_ERROR;
				CLANG_WARN_EMPTY_BODY = YES;
				CLANG_WARN_ENUM_CONVERSION = YES;
				CLANG_WARN_INT_CONVERSION = YES;
				CLANG_WARN_OBJC_ROOT_CLASS = YES_ERROR;
				CLANG_WARN_UNREACHABLE_CODE = YES;
				CLANG_WARN__DUPLICATE_METHOD_MATCH = YES;
				COPY_PHASE_STRIP = NO;
				DEBUG_INFORMATION_FORMAT = "dwarf-with-dsym";
				ENABLE_NS_ASSERTIONS = NO;
				ENABLE_STRICT_OBJC_MSGSEND = YES;
				GCC_C_LANGUAGE_STANDARD = gnu99;
				GCC_NO_COMMON_BLOCKS = YES;
				GCC_WARN_64_TO_32_BIT_CONVERSION = YES;
				GCC_WARN_ABOUT_RETURN_TYPE = YES_ERROR;
				GCC_WARN_UNDECLARED_SELECTOR = YES;
				GCC_WARN_UNINITIALIZED_AUTOS = YES_AGGRESSIVE;
				GCC_WARN_UNUSED_FUNCTION = YES;
				GCC_WARN_UNUSED_VARIABLE = YES;
				MACOSX_DEPLOYMENT_TARGET = 10.10;
				MTL_ENABLE_DEBUG_INFO = NO;
				SDKROOT = macosx;
			};
			name = Release;
		};
		0A67193C1BD71FEE003827DF /* Debug */ = {
			isa = XCBuildConfiguration;
			buildSettings = {
				PRODUCT_NAME = "$(TARGET_NAME)";
			};
			name = Debug;
		};
		0A67193D1BD71FEE003827DF /* Release */ = {
			isa = XCBuildConfiguration;
			buildSettings = {
				PRODUCT_NAME = "$(TARGET_NAME)";
			};
			name = Release;
		};
/* End XCBuildConfiguration section */

/* Begin XCConfigurationList section */
		0A67192F1BD71FEE003827DF /* Build configuration list for PBXProject "时间间隔的显示提示" */ = {
			isa = XCConfigurationList;
			buildConfigurations = (
				0A6719391BD71FEE003827DF /* Debug */,
				0A67193A1BD71FEE003827DF /* Release */,
			);
			defaultConfigurationIsVisible = 0;
			defaultConfigurationName = Release;
		};
		0A67193B1BD71FEE003827DF /* Build configuration list for PBXNativeTarget "时间间隔的显示提示" */ = {
			isa = XCConfigurationList;
			buildConfigurations = (
				0A67193C1BD71FEE003827DF /* Debug */,
				0A67193D1BD71FEE003827DF /* Release */,
			);
			defaultConfigurationIsVisible = 0;
		};
/* End XCConfigurationList section */
	};
	rootObject = 0A67192C1BD71FEE003827DF /* Project object */;
}
